
Microsoft Visual Studio Solution File, Format Version 12.00
Project("{FAE04EC0-301F-11D3-BF4B-00C04F79EFBC}") = "FluentAAS.Core", "FluentAAS.Core\FluentAAS.Core.csproj", "{991E7F2C-45C7-4CD4-9CE4-6C9FC6EFDC10}"
EndProject
Project("{FAE04EC0-301F-11D3-BF4B-00C04F79EFBC}") = "FluentAAS.Builder", "FluentAAS.Builder\FluentAAS.Builder.csproj", "{DC858B65-8FD2-4C73-B4CF-24510EAD6B0E}"
EndProject
Project("{FAE04EC0-301F-11D3-BF4B-00C04F79EFBC}") = "FluentAAS.Validation", "FluentAAS.Validation\FluentAAS.Validation.csproj", "{35ECEC81-12CC-40B2-A6B5-DB64B0E961B2}"
EndProject
Project("{FAE04EC0-301F-11D3-BF4B-00C04F79EFBC}") = "FluentAAS.IO", "FluentAAS.IO\FluentAAS.IO.csproj", "{D415668F-DE0C-4047-B851-D1F26C73E3B8}"
EndProject
Project("{FAE04EC0-301F-11D3-BF4B-00C04F79EFBC}") = "FluentAASTests.Integration", "FluentAASTests.Integration\FluentAASTests.Integration.csproj", "{2848C010-808F-4E22-A7E9-11C27833B660}"
EndProject
Project("{FAE04EC0-301F-11D3-BF4B-00C04F79EFBC}") = "FluentAAS.Templates", "FluentAAS.Templates\FluentAAS.Templates.csproj", "{BBBE0498-ECD6-494B-AA4E-D94B93362EB4}"
EndProject
Project("{FAE04EC0-301F-11D3-BF4B-00C04F79EFBC}") = "FluentAAS.Builder.Tests", "FluentAAS.Builder.Tests\FluentAAS.Builder.Tests.csproj", "{2FEB1646-49AD-479E-8148-47F632F81EB3}"
EndProject
Project("{FAE04EC0-301F-11D3-BF4B-00C04F79EFBC}") = "FluentAas.Core.Tests", "FluentAas.Core.Tests\FluentAas.Core.Tests.csproj", "{AB6D7EE7-48D6-4E4E-8FCB-0CE7A7B266CA}"
EndProject
Project("{FAE04EC0-301F-11D3-BF4B-00C04F79EFBC}") = "FluentAas.IO.Tests", "FluentAas.IO.Tests\FluentAas.IO.Tests.csproj", "{EDDA08D2-ED13-46F7-BBF3-6C3A2CCEA6BA}"
EndProject
Project("{FAE04EC0-301F-11D3-BF4B-00C04F79EFBC}") = "FluentAAS.Templates.Tests", "FluentAAS.Templates.Tests\FluentAAS.Templates.Tests.csproj", "{4A8A7EE8-8451-41D0-AC81-D45E0F890C4D}"
EndProject
Global
	GlobalSection(SolutionConfigurationPlatforms) = preSolution
		Debug|Any CPU = Debug|Any CPU
		Release|Any CPU = Release|Any CPU
	EndGlobalSection
	GlobalSection(ProjectConfigurationPlatforms) = postSolution
		{991E7F2C-45C7-4CD4-9CE4-6C9FC6EFDC10}.Debug|Any CPU.ActiveCfg = Debug|Any CPU
		{991E7F2C-45C7-4CD4-9CE4-6C9FC6EFDC10}.Debug|Any CPU.Build.0 = Debug|Any CPU
		{991E7F2C-45C7-4CD4-9CE4-6C9FC6EFDC10}.Release|Any CPU.ActiveCfg = Release|Any CPU
		{991E7F2C-45C7-4CD4-9CE4-6C9FC6EFDC10}.Release|Any CPU.Build.0 = Release|Any CPU
		{DC858B65-8FD2-4C73-B4CF-24510EAD6B0E}.Debug|Any CPU.ActiveCfg = Debug|Any CPU
		{DC858B65-8FD2-4C73-B4CF-24510EAD6B0E}.Debug|Any CPU.Build.0 = Debug|Any CPU
		{DC858B65-8FD2-4C73-B4CF-24510EAD6B0E}.Release|Any CPU.ActiveCfg = Release|Any CPU
		{DC858B65-8FD2-4C73-B4CF-24510EAD6B0E}.Release|Any CPU.Build.0 = Release|Any CPU
		{35ECEC81-12CC-40B2-A6B5-DB64B0E961B2}.Debug|Any CPU.ActiveCfg = Debug|Any CPU
		{35ECEC81-12CC-40B2-A6B5-DB64B0E961B2}.Debug|Any CPU.Build.0 = Debug|Any CPU
		{35ECEC81-12CC-40B2-A6B5-DB64B0E961B2}.Release|Any CPU.ActiveCfg = Release|Any CPU
		{35ECEC81-12CC-40B2-A6B5-DB64B0E961B2}.Release|Any CPU.Build.0 = Release|Any CPU
		{D415668F-DE0C-4047-B851-D1F26C73E3B8}.Debug|Any CPU.ActiveCfg = Debug|Any CPU
		{D415668F-DE0C-4047-B851-D1F26C73E3B8}.Debug|Any CPU.Build.0 = Debug|Any CPU
		{D415668F-DE0C-4047-B851-D1F26C73E3B8}.Release|Any CPU.ActiveCfg = Release|Any CPU
		{D415668F-DE0C-4047-B851-D1F26C73E3B8}.Release|Any CPU.Build.0 = Release|Any CPU
		{2848C010-808F-4E22-A7E9-11C27833B660}.Debug|Any CPU.ActiveCfg = Debug|Any CPU
		{2848C010-808F-4E22-A7E9-11C27833B660}.Debug|Any CPU.Build.0 = Debug|Any CPU
		{2848C010-808F-4E22-A7E9-11C27833B660}.Release|Any CPU.ActiveCfg = Release|Any CPU
		{2848C010-808F-4E22-A7E9-11C27833B660}.Release|Any CPU.Build.0 = Release|Any CPU
		{BBBE0498-ECD6-494B-AA4E-D94B93362EB4}.Debug|Any CPU.ActiveCfg = Debug|Any CPU
		{BBBE0498-ECD6-494B-AA4E-D94B93362EB4}.Debug|Any CPU.Build.0 = Debug|Any CPU
		{BBBE0498-ECD6-494B-AA4E-D94B93362EB4}.Release|Any CPU.ActiveCfg = Release|Any CPU
		{BBBE0498-ECD6-494B-AA4E-D94B93362EB4}.Release|Any CPU.Build.0 = Release|Any CPU
		{2FEB1646-49AD-479E-8148-47F632F81EB3}.Debug|Any CPU.ActiveCfg = Debug|Any CPU
		{2FEB1646-49AD-479E-8148-47F632F81EB3}.Debug|Any CPU.Build.0 = Debug|Any CPU
		{2FEB1646-49AD-479E-8148-47F632F81EB3}.Release|Any CPU.ActiveCfg = Release|Any CPU
		{2FEB1646-49AD-479E-8148-47F632F81EB3}.Release|Any CPU.Build.0 = Release|Any CPU
		{AB6D7EE7-48D6-4E4E-8FCB-0CE7A7B266CA}.Debug|Any CPU.ActiveCfg = Debug|Any CPU
		{AB6D7EE7-48D6-4E4E-8FCB-0CE7A7B266CA}.Debug|Any CPU.Build.0 = Debug|Any CPU
		{AB6D7EE7-48D6-4E4E-8FCB-0CE7A7B266CA}.Release|Any CPU.ActiveCfg = Release|Any CPU
		{AB6D7EE7-48D6-4E4E-8FCB-0CE7A7B266CA}.Release|Any CPU.Build.0 = Release|Any CPU
		{EDDA08D2-ED13-46F7-BBF3-6C3A2CCEA6BA}.Debug|Any CPU.ActiveCfg = Debug|Any CPU
		{EDDA08D2-ED13-46F7-BBF3-6C3A2CCEA6BA}.Debug|Any CPU.Build.0 = Debug|Any CPU
		{EDDA08D2-ED13-46F7-BBF3-6C3A2CCEA6BA}.Release|Any CPU.ActiveCfg = Release|Any CPU
		{EDDA08D2-ED13-46F7-BBF3-6C3A2CCEA6BA}.Release|Any CPU.Build.0 = Release|Any CPU
		{4A8A7EE8-8451-41D0-AC81-D45E0F890C4D}.Debug|Any CPU.ActiveCfg = Debug|Any CPU
		{4A8A7EE8-8451-41D0-AC81-D45E0F890C4D}.Debug|Any CPU.Build.0 = Debug|Any CPU
		{4A8A7EE8-8451-41D0-AC81-D45E0F890C4D}.Release|Any CPU.ActiveCfg = Release|Any CPU
		{4A8A7EE8-8451-41D0-AC81-D45E0F890C4D}.Release|Any CPU.Build.0 = Release|Any CPU
	EndGlobalSection
EndGlobal
